// !$*UTF8*$!
{
	archiveVersion = 1;
	classes = {
	};
	objectVersion = 56;
	objects = {

/* Begin PBXBuildFile section */
		C9513C422C7DE907004A5EF8 /* AppDelegate.swift in Sources */ = {isa = PBXBuildFile; fileRef = C9513C412C7DE907004A5EF8 /* AppDelegate.swift */; };
		C9513C442C7DE907004A5EF8 /* SceneDelegate.swift in Sources */ = {isa = PBXBuildFile; fileRef = C9513C432C7DE907004A5EF8 /* SceneDelegate.swift */; };
		C9513C462C7DE907004A5EF8 /* ViewController.swift in Sources */ = {isa = PBXBuildFile; fileRef = C9513C452C7DE907004A5EF8 /* ViewController.swift */; };
		C9513C492C7DE907004A5EF8 /* Base in Resources */ = {isa = PBXBuildFile; fileRef = C9513C482C7DE907004A5EF8 /* Base */; };
		C9513C4B2C7DE908004A5EF8 /* Assets.xcassets in Resources */ = {isa = PBXBuildFile; fileRef = C9513C4A2C7DE908004A5EF8 /* Assets.xcassets */; };
		C9513C4E2C7DE908004A5EF8 /* Base in Resources */ = {isa = PBXBuildFile; fileRef = C9513C4D2C7DE908004A5EF8 /* Base */; };
		C9513C592C7DE908004A5EF8 /* HolaUIkitTests.swift in Sources */ = {isa = PBXBuildFile; fileRef = C9513C582C7DE908004A5EF8 /* HolaUIkitTests.swift */; };
		C9513C632C7DE908004A5EF8 /* HolaUIkitUITests.swift in Sources */ = {isa = PBXBuildFile; fileRef = C9513C622C7DE908004A5EF8 /* HolaUIkitUITests.swift */; };
		C9513C652C7DE908004A5EF8 /* HolaUIkitUITestsLaunchTests.swift in Sources */ = {isa = PBXBuildFile; fileRef = C9513C642C7DE908004A5EF8 /* HolaUIkitUITestsLaunchTests.swift */; };
/* End PBXBuildFile section */

/* Begin PBXContainerItemProxy section */
		C9513C552C7DE908004A5EF8 /* PBXContainerItemProxy */ = {
			isa = PBXContainerItemProxy;
			containerPortal = C9513C362C7DE907004A5EF8 /* Project object */;
			proxyType = 1;
			remoteGlobalIDString = C9513C3D2C7DE907004A5EF8;
			remoteInfo = HolaUIkit;
		};
		C9513C5F2C7DE908004A5EF8 /* PBXContainerItemProxy */ = {
			isa = PBXContainerItemProxy;
			containerPortal = C9513C362C7DE907004A5EF8 /* Project object */;
			proxyType = 1;
			remoteGlobalIDString = C9513C3D2C7DE907004A5EF8;
			remoteInfo = HolaUIkit;
		};
/* End PBXContainerItemProxy section */

/* Begin PBXFileReference section */
		C9513C3E2C7DE907004A5EF8 /* HolaUIkit.app */ = {isa = PBXFileReference; explicitFileType = wrapper.application; includeInIndex = 0; path = HolaUIkit.app; sourceTree = BUILT_PRODUCTS_DIR; };
		C9513C412C7DE907004A5EF8 /* AppDelegate.swift */ = {isa = PBXFileReference; lastKnownFileType = sourcecode.swift; path = AppDelegate.swift; sourceTree = "<group>"; };
		C9513C432C7DE907004A5EF8 /* SceneDelegate.swift */ = {isa = PBXFileReference; lastKnownFileType = sourcecode.swift; path = SceneDelegate.swift; sourceTree = "<group>"; };
		C9513C452C7DE907004A5EF8 /* ViewController.swift */ = {isa = PBXFileReference; lastKnownFileType = sourcecode.swift; path = ViewController.swift; sourceTree = "<group>"; };
		C9513C482C7DE907004A5EF8 /* Base */ = {isa = PBXFileReference; lastKnownFileType = file.storyboard; name = Base; path = Base.lproj/Main.storyboard; sourceTree = "<group>"; };
		C9513C4A2C7DE908004A5EF8 /* Assets.xcassets */ = {isa = PBXFileReference; lastKnownFileType = folder.assetcatalog; path = Assets.xcassets; sourceTree = "<group>"; };
		C9513C4D2C7DE908004A5EF8 /* Base */ = {isa = PBXFileReference; lastKnownFileType = file.storyboard; name = Base; path = Base.lproj/LaunchScreen.storyboard; sourceTree = "<group>"; };
		C9513C4F2C7DE908004A5EF8 /* Info.plist */ = {isa = PBXFileReference; lastKnownFileType = text.plist.xml; path = Info.plist; sourceTree = "<group>"; };
		C9513C542C7DE908004A5EF8 /* HolaUIkitTests.xctest */ = {isa = PBXFileReference; explicitFileType = wrapper.cfbundle; includeInIndex = 0; path = HolaUIkitTests.xctest; sourceTree = BUILT_PRODUCTS_DIR; };
		C9513C582C7DE908004A5EF8 /* HolaUIkitTests.swift */ = {isa = PBXFileReference; lastKnownFileType = sourcecode.swift; path = HolaUIkitTests.swift; sourceTree = "<group>"; };
		C9513C5E2C7DE908004A5EF8 /* HolaUIkitUITests.xctest */ = {isa = PBXFileReference; explicitFileType = wrapper.cfbundle; includeInIndex = 0; path = HolaUIkitUITests.xctest; sourceTree = BUILT_PRODUCTS_DIR; };
		C9513C622C7DE908004A5EF8 /* HolaUIkitUITests.swift */ = {isa = PBXFileReference; lastKnownFileType = sourcecode.swift; path = HolaUIkitUITests.swift; sourceTree = "<group>"; };
		C9513C642C7DE908004A5EF8 /* HolaUIkitUITestsLaunchTests.swift */ = {isa = PBXFileReference; lastKnownFileType = sourcecode.swift; path = HolaUIkitUITestsLaunchTests.swift; sourceTree = "<group>"; };
/* End PBXFileReference section */

/* Begin PBXFrameworksBuildPhase section */
		C9513C3B2C7DE907004A5EF8 /* Frameworks */ = {
			isa = PBXFrameworksBuildPhase;
			buildActionMask = 2147483647;
			files = (
			);
			runOnlyForDeploymentPostprocessing = 0;
		};
		C9513C512C7DE908004A5EF8 /* Frameworks */ = {
			isa = PBXFrameworksBuildPhase;
			buildActionMask = 2147483647;
			files = (
			);
			runOnlyForDeploymentPostprocessing = 0;
		};
		C9513C5B2C7DE908004A5EF8 /* Frameworks */ = {
			isa = PBXFrameworksBuildPhase;
			buildActionMask = 2147483647;
			files = (
			);
			runOnlyForDeploymentPostprocessing = 0;
		};
/* End PBXFrameworksBuildPhase section */

/* Begin PBXGroup section */
		C9513C352C7DE907004A5EF8 = {
			isa = PBXGroup;
			children = (
				C9513C402C7DE907004A5EF8 /* HolaUIkit */,
				C9513C572C7DE908004A5EF8 /* HolaUIkitTests */,
				C9513C612C7DE908004A5EF8 /* HolaUIkitUITests */,
				C9513C3F2C7DE907004A5EF8 /* Products */,
			);
			sourceTree = "<group>";
		};
		C9513C3F2C7DE907004A5EF8 /* Products */ = {
			isa = PBXGroup;
			children = (
				C9513C3E2C7DE907004A5EF8 /* HolaUIkit.app */,
				C9513C542C7DE908004A5EF8 /* HolaUIkitTests.xctest */,
				C9513C5E2C7DE908004A5EF8 /* HolaUIkitUITests.xctest */,
			);
			name = Products;
			sourceTree = "<group>";
		};
		C9513C402C7DE907004A5EF8 /* HolaUIkit */ = {
			isa = PBXGroup;
			children = (
				C9513C412C7DE907004A5EF8 /* AppDelegate.swift */,
				C9513C432C7DE907004A5EF8 /* SceneDelegate.swift */,
				C9513C452C7DE907004A5EF8 /* ViewController.swift */,
				C9513C472C7DE907004A5EF8 /* Main.storyboard */,
				C9513C4A2C7DE908004A5EF8 /* Assets.xcassets */,
				C9513C4C2C7DE908004A5EF8 /* LaunchScreen.storyboard */,
				C9513C4F2C7DE908004A5EF8 /* Info.plist */,
			);
			path = HolaUIkit;
			sourceTree = "<group>";
		};
		C9513C572C7DE908004A5EF8 /* HolaUIkitTests */ = {
			isa = PBXGroup;
			children = (
				C9513C582C7DE908004A5EF8 /* HolaUIkitTests.swift */,
			);
			path = HolaUIkitTests;
			sourceTree = "<group>";
		};
		C9513C612C7DE908004A5EF8 /* HolaUIkitUITests */ = {
			isa = PBXGroup;
			children = (
				C9513C622C7DE908004A5EF8 /* HolaUIkitUITests.swift */,
				C9513C642C7DE908004A5EF8 /* HolaUIkitUITestsLaunchTests.swift */,
			);
			path = HolaUIkitUITests;
			sourceTree = "<group>";
		};
/* End PBXGroup section */

/* Begin PBXNativeTarget section */
		C9513C3D2C7DE907004A5EF8 /* HolaUIkit */ = {
			isa = PBXNativeTarget;
			buildConfigurationList = C9513C682C7DE908004A5EF8 /* Build configuration list for PBXNativeTarget "HolaUIkit" */;
			buildPhases = (
				C9513C3A2C7DE907004A5EF8 /* Sources */,
				C9513C3B2C7DE907004A5EF8 /* Frameworks */,
				C9513C3C2C7DE907004A5EF8 /* Resources */,
			);
			buildRules = (
			);
			dependencies = (
			);
			name = HolaUIkit;
			productName = HolaUIkit;
			productReference = C9513C3E2C7DE907004A5EF8 /* HolaUIkit.app */;
			productType = "com.apple.product-type.application";
		};
		C9513C532C7DE908004A5EF8 /* HolaUIkitTests */ = {
			isa = PBXNativeTarget;
			buildConfigurationList = C9513C6B2C7DE908004A5EF8 /* Build configuration list for PBXNativeTarget "HolaUIkitTests" */;
			buildPhases = (
				C9513C502C7DE908004A5EF8 /* Sources */,
				C9513C512C7DE908004A5EF8 /* Frameworks */,
				C9513C522C7DE908004A5EF8 /* Resources */,
			);
			buildRules = (
			);
			dependencies = (
				C9513C562C7DE908004A5EF8 /* PBXTargetDependency */,
			);
			name = HolaUIkitTests;
			productName = HolaUIkitTests;
			productReference = C9513C542C7DE908004A5EF8 /* HolaUIkitTests.xctest */;
			productType = "com.apple.product-type.bundle.unit-test";
		};
		C9513C5D2C7DE908004A5EF8 /* HolaUIkitUITests */ = {
			isa = PBXNativeTarget;
			buildConfigurationList = C9513C6E2C7DE908004A5EF8 /* Build configuration list for PBXNativeTarget "HolaUIkitUITests" */;
			buildPhases = (
				C9513C5A2C7DE908004A5EF8 /* Sources */,
				C9513C5B2C7DE908004A5EF8 /* Frameworks */,
				C9513C5C2C7DE908004A5EF8 /* Resources */,
			);
			buildRules = (
			);
			dependencies = (
				C9513C602C7DE908004A5EF8 /* PBXTargetDependency */,
			);
			name = HolaUIkitUITests;
			productName = HolaUIkitUITests;
			productReference = C9513C5E2C7DE908004A5EF8 /* HolaUIkitUITests.xctest */;
			productType = "com.apple.product-type.bundle.ui-testing";
		};
/* End PBXNativeTarget section */

/* Begin PBXProject section */
		C9513C362C7DE907004A5EF8 /* Project object */ = {
			isa = PBXProject;
			attributes = {
				BuildIndependentTargetsInParallel = 1;
				LastSwiftUpdateCheck = 1540;
				LastUpgradeCheck = 1540;
				TargetAttributes = {
					C9513C3D2C7DE907004A5EF8 = {
						CreatedOnToolsVersion = 15.4;
					};
					C9513C532C7DE908004A5EF8 = {
						CreatedOnToolsVersion = 15.4;
						TestTargetID = C9513C3D2C7DE907004A5EF8;
					};
					C9513C5D2C7DE908004A5EF8 = {
						CreatedOnToolsVersion = 15.4;
						TestTargetID = C9513C3D2C7DE907004A5EF8;
					};
				};
			};
			buildConfigurationList = C9513C392C7DE907004A5EF8 /* Build configuration list for PBXProject "HolaUIkit" */;
			compatibilityVersion = "Xcode 14.0";
			developmentRegion = en;
			hasScannedForEncodings = 0;
			knownRegions = (
				en,
				Base,
			);
			mainGroup = C9513C352C7DE907004A5EF8;
			productRefGroup = C9513C3F2C7DE907004A5EF8 /* Products */;
			projectDirPath = "";
			projectRoot = "";
			targets = (
				C9513C3D2C7DE907004A5EF8 /* HolaUIkit */,
				C9513C532C7DE908004A5EF8 /* HolaUIkitTests */,
				C9513C5D2C7DE908004A5EF8 /* HolaUIkitUITests */,
			);
		};
/* End PBXProject section */

/* Begin PBXResourcesBuildPhase section */
		C9513C3C2C7DE907004A5EF8 /* Resources */ = {
			isa = PBXResourcesBuildPhase;
			buildActionMask = 2147483647;
			files = (
				C9513C4B2C7DE908004A5EF8 /* Assets.xcassets in Resources */,
				C9513C4E2C7DE908004A5EF8 /* Base in Resources */,
				C9513C492C7DE907004A5EF8 /* Base in Resources */,
			);
			runOnlyForDeploymentPostprocessing = 0;
		};
		C9513C522C7DE908004A5EF8 /* Resources */ = {
			isa = PBXResourcesBuildPhase;
			buildActionMask = 2147483647;
			files = (
			);
			runOnlyForDeploymentPostprocessing = 0;
		};
		C9513C5C2C7DE908004A5EF8 /* Resources */ = {
			isa = PBXResourcesBuildPhase;
			buildActionMask = 2147483647;
			files = (
			);
			runOnlyForDeploymentPostprocessing = 0;
		};
/* End PBXResourcesBuildPhase section */

/* Begin PBXSourcesBuildPhase section */
		C9513C3A2C7DE907004A5EF8 /* Sources */ = {
			isa = PBXSourcesBuildPhase;
			buildActionMask = 2147483647;
			files = (
				C9513C462C7DE907004A5EF8 /* ViewController.swift in Sources */,
				C9513C422C7DE907004A5EF8 /* AppDelegate.swift in Sources */,
				C9513C442C7DE907004A5EF8 /* SceneDelegate.swift in Sources */,
			);
			runOnlyForDeploymentPostprocessing = 0;
		};
		C9513C502C7DE908004A5EF8 /* Sources */ = {
			isa = PBXSourcesBuildPhase;
			buildActionMask = 2147483647;
			files = (
				C9513C592C7DE908004A5EF8 /* HolaUIkitTests.swift in Sources */,
			);
			runOnlyForDeploymentPostprocessing = 0;
		};
		C9513C5A2C7DE908004A5EF8 /* Sources */ = {
			isa = PBXSourcesBuildPhase;
			buildActionMask = 2147483647;
			files = (
				C9513C632C7DE908004A5EF8 /* HolaUIkitUITests.swift in Sources */,
				C9513C652C7DE908004A5EF8 /* HolaUIkitUITestsLaunchTests.swift in Sources */,
			);
			runOnlyForDeploymentPostprocessing = 0;
		};
/* End PBXSourcesBuildPhase section */

/* Begin PBXTargetDependency section */
		C9513C562C7DE908004A5EF8 /* PBXTargetDependency */ = {
			isa = PBXTargetDependency;
			target = C9513C3D2C7DE907004A5EF8 /* HolaUIkit */;
			targetProxy = C9513C552C7DE908004A5EF8 /* PBXContainerItemProxy */;
		};
		C9513C602C7DE908004A5EF8 /* PBXTargetDependency */ = {
			isa = PBXTargetDependency;
			target = C9513C3D2C7DE907004A5EF8 /* HolaUIkit */;
			targetProxy = C9513C5F2C7DE908004A5EF8 /* PBXContainerItemProxy */;
		};
/* End PBXTargetDependency section */

/* Begin PBXVariantGroup section */
		C9513C472C7DE907004A5EF8 /* Main.storyboard */ = {
			isa = PBXVariantGroup;
			children = (
				C9513C482C7DE907004A5EF8 /* Base */,
			);
			name = Main.storyboard;
			sourceTree = "<group>";
		};
		C9513C4C2C7DE908004A5EF8 /* LaunchScreen.storyboard */ = {
			isa = PBXVariantGroup;
			children = (
				C9513C4D2C7DE908004A5EF8 /* Base */,
			);
			name = LaunchScreen.storyboard;
			sourceTree = "<group>";
		};
/* End PBXVariantGroup section */

/* Begin XCBuildConfiguration section */
		C9513C662C7DE908004A5EF8 /* Debug */ = {
			isa = XCBuildConfiguration;
			buildSettings = {
				ALWAYS_SEARCH_USER_PATHS = NO;
				ASSETCATALOG_COMPILER_GENERATE_SWIFT_ASSET_SYMBOL_EXTENSIONS = YES;
				CLANG_ANALYZER_NONNULL = YES;
				CLANG_ANALYZER_NUMBER_OBJECT_CONVERSION = YES_AGGRESSIVE;
				CLANG_CXX_LANGUAGE_STANDARD = "gnu++20";
				CLANG_ENABLE_MODULES = YES;
				CLANG_ENABLE_OBJC_ARC = YES;
				CLANG_ENABLE_OBJC_WEAK = YES;
				CLANG_WARN_BLOCK_CAPTURE_AUTORELEASING = YES;
				CLANG_WARN_BOOL_CONVERSION = YES;
				CLANG_WARN_COMMA = YES;
				CLANG_WARN_CONSTANT_CONVERSION = YES;
				CLANG_WARN_DEPRECATED_OBJC_IMPLEMENTATIONS = YES;
				CLANG_WARN_DIRECT_OBJC_ISA_USAGE = YES_ERROR;
				CLANG_WARN_DOCUMENTATION_COMMENTS = YES;
				CLANG_WARN_EMPTY_BODY = YES;
				CLANG_WARN_ENUM_CONVERSION = YES;
				CLANG_WARN_INFINITE_RECURSION = YES;
				CLANG_WARN_INT_CONVERSION = YES;
				CLANG_WARN_NON_LITERAL_NULL_CONVERSION = YES;
				CLANG_WARN_OBJC_IMPLICIT_RETAIN_SELF = YES;
				CLANG_WARN_OBJC_LITERAL_CONVERSION = YES;
				CLANG_WARN_OBJC_ROOT_CLASS = YES_ERROR;
				CLANG_WARN_QUOTED_INCLUDE_IN_FRAMEWORK_HEADER = YES;
				CLANG_WARN_RANGE_LOOP_ANALYSIS = YES;
				CLANG_WARN_STRICT_PROTOTYPES = YES;
				CLANG_WARN_SUSPICIOUS_MOVE = YES;
				CLANG_WARN_UNGUARDED_AVAILABILITY = YES_AGGRESSIVE;
				CLANG_WARN_UNREACHABLE_CODE = YES;
				CLANG_WARN__DUPLICATE_METHOD_MATCH = YES;
				COPY_PHASE_STRIP = NO;
				DEBUG_INFORMATION_FORMAT = dwarf;
				ENABLE_STRICT_OBJC_MSGSEND = YES;
				ENABLE_TESTABILITY = YES;
				ENABLE_USER_SCRIPT_SANDBOXING = YES;
				GCC_C_LANGUAGE_STANDARD = gnu17;
				GCC_DYNAMIC_NO_PIC = NO;
				GCC_NO_COMMON_BLOCKS = YES;
				GCC_OPTIMIZATION_LEVEL = 0;
				GCC_PREPROCESSOR_DEFINITIONS = (
					"DEBUG=1",
					"$(inherited)",
				);
				GCC_WARN_64_TO_32_BIT_CONVERSION = YES;
				GCC_WARN_ABOUT_RETURN_TYPE = YES_ERROR;
				GCC_WARN_UNDECLARED_SELECTOR = YES;
				GCC_WARN_UNINITIALIZED_AUTOS = YES_AGGRESSIVE;
				GCC_WARN_UNUSED_FUNCTION = YES;
				GCC_WARN_UNUSED_VARIABLE = YES;
				IPHONEOS_DEPLOYMENT_TARGET = 17.5;
				LOCALIZATION_PREFERS_STRING_CATALOGS = YES;
				MTL_ENABLE_DEBUG_INFO = INCLUDE_SOURCE;
				MTL_FAST_MATH = YES;
				ONLY_ACTIVE_ARCH = YES;
				SDKROOT = iphoneos;
				SWIFT_ACTIVE_COMPILATION_CONDITIONS = "DEBUG $(inherited)";
				SWIFT_OPTIMIZATION_LEVEL = "-Onone";
			};
			name = Debug;
		};
		C9513C672C7DE908004A5EF8 /* Release */ = {
			isa = XCBuildConfiguration;
			buildSettings = {
				ALWAYS_SEARCH_USER_PATHS = NO;
				ASSETCATALOG_COMPILER_GENERATE_SWIFT_ASSET_SYMBOL_EXTENSIONS = YES;
				CLANG_ANALYZER_NONNULL = YES;
				CLANG_ANALYZER_NUMBER_OBJECT_CONVERSION = YES_AGGRESSIVE;
				CLANG_CXX_LANGUAGE_STANDARD = "gnu++20";
				CLANG_ENABLE_MODULES = YES;
				CLANG_ENABLE_OBJC_ARC = YES;
				CLANG_ENABLE_OBJC_WEAK = YES;
				CLANG_WARN_BLOCK_CAPTURE_AUTORELEASING = YES;
				CLANG_WARN_BOOL_CONVERSION = YES;
				CLANG_WARN_COMMA = YES;
				CLANG_WARN_CONSTANT_CONVERSION = YES;
				CLANG_WARN_DEPRECATED_OBJC_IMPLEMENTATIONS = YES;
				CLANG_WARN_DIRECT_OBJC_ISA_USAGE = YES_ERROR;
				CLANG_WARN_DOCUMENTATION_COMMENTS = YES;
				CLANG_WARN_EMPTY_BODY = YES;
				CLANG_WARN_ENUM_CONVERSION = YES;
				CLANG_WARN_INFINITE_RECURSION = YES;
				CLANG_WARN_INT_CONVERSION = YES;
				CLANG_WARN_NON_LITERAL_NULL_CONVERSION = YES;
				CLANG_WARN_OBJC_IMPLICIT_RETAIN_SELF = YES;
				CLANG_WARN_OBJC_LITERAL_CONVERSION = YES;
				CLANG_WARN_OBJC_ROOT_CLASS = YES_ERROR;
				CLANG_WARN_QUOTED_INCLUDE_IN_FRAMEWORK_HEADER = YES;
				CLANG_WARN_RANGE_LOOP_ANALYSIS = YES;
				CLANG_WARN_STRICT_PROTOTYPES = YES;
				CLANG_WARN_SUSPICIOUS_MOVE = YES;
				CLANG_WARN_UNGUARDED_AVAILABILITY = YES_AGGRESSIVE;
				CLANG_WARN_UNREACHABLE_CODE = YES;
				CLANG_WARN__DUPLICATE_METHOD_MATCH = YES;
				COPY_PHASE_STRIP = NO;
				DEBUG_INFORMATION_FORMAT = "dwarf-with-dsym";
				ENABLE_NS_ASSERTIONS = NO;
				ENABLE_STRICT_OBJC_MSGSEND = YES;
				ENABLE_USER_SCRIPT_SANDBOXING = YES;
				GCC_C_LANGUAGE_STANDARD = gnu17;
				GCC_NO_COMMON_BLOCKS = YES;
				GCC_WARN_64_TO_32_BIT_CONVERSION = YES;
				GCC_WARN_ABOUT_RETURN_TYPE = YES_ERROR;
				GCC_WARN_UNDECLARED_SELECTOR = YES;
				GCC_WARN_UNINITIALIZED_AUTOS = YES_AGGRESSIVE;
				GCC_WARN_UNUSED_FUNCTION = YES;
				GCC_WARN_UNUSED_VARIABLE = YES;
				IPHONEOS_DEPLOYMENT_TARGET = 17.5;
				LOCALIZATION_PREFERS_STRING_CATALOGS = YES;
				MTL_ENABLE_DEBUG_INFO = NO;
				MTL_FAST_MATH = YES;
				SDKROOT = iphoneos;
				SWIFT_COMPILATION_MODE = wholemodule;
				VALIDATE_PRODUCT = YES;
			};
			name = Release;
		};
		C9513C692C7DE908004A5EF8 /* Debug */ = {
			isa = XCBuildConfiguration;
			buildSettings = {
				ASSETCATALOG_COMPILER_APPICON_NAME = AppIcon;
				ASSETCATALOG_COMPILER_GLOBAL_ACCENT_COLOR_NAME = AccentColor;
				CODE_SIGN_STYLE = Automatic;
				CURRENT_PROJECT_VERSION = 1;
				DEVELOPMENT_TEAM = AQ3PG74U62;
				GENERATE_INFOPLIST_FILE = YES;
				INFOPLIST_FILE = HolaUIkit/Info.plist;
				INFOPLIST_KEY_UIApplicationSupportsIndirectInputEvents = YES;
				INFOPLIST_KEY_UILaunchStoryboardName = LaunchScreen;
				INFOPLIST_KEY_UIMainStoryboardFile = Main;
				INFOPLIST_KEY_UISupportedInterfaceOrientations_iPad = "UIInterfaceOrientationPortrait UIInterfaceOrientationPortraitUpsideDown UIInterfaceOrientationLandscapeLeft UIInterfaceOrientationLandscapeRight";
				INFOPLIST_KEY_UISupportedInterfaceOrientations_iPhone = "UIInterfaceOrientationPortrait UIInterfaceOrientationLandscapeLeft UIInterfaceOrientationLandscapeRight";
				LD_RUNPATH_SEARCH_PATHS = (
					"$(inherited)",
					"@executable_path/Frameworks",
				);
				MARKETING_VERSION = 1.0;
				PRODUCT_BUNDLE_IDENTIFIER = HolaUIKit.HolaUIkit;
				PRODUCT_NAME = "$(TARGET_NAME)";
				SWIFT_EMIT_LOC_STRINGS = YES;
				SWIFT_VERSION = 5.0;
				TARGETED_DEVICE_FAMILY = "1,2";
			};
			name = Debug;
		};
		C9513C6A2C7DE908004A5EF8 /* Release */ = {
			isa = XCBuildConfiguration;
			buildSettings = {
				ASSETCATALOG_COMPILER_APPICON_NAME = AppIcon;
				ASSETCATALOG_COMPILER_GLOBAL_ACCENT_COLOR_NAME = AccentColor;
				CODE_SIGN_STYLE = Automatic;
				CURRENT_PROJECT_VERSION = 1;
				DEVELOPMENT_TEAM = AQ3PG74U62;
				GENERATE_INFOPLIST_FILE = YES;
				INFOPLIST_FILE = HolaUIkit/Info.plist;
				INFOPLIST_KEY_UIApplicationSupportsIndirectInputEvents = YES;
				INFOPLIST_KEY_UILaunchStoryboardName = LaunchScreen;
				INFOPLIST_KEY_UIMainStoryboardFile = Main;
				INFOPLIST_KEY_UISupportedInterfaceOrientations_iPad = "UIInterfaceOrientationPortrait UIInterfaceOrientationPortraitUpsideDown UIInterfaceOrientationLandscapeLeft UIInterfaceOrientationLandscapeRight";
				INFOPLIST_KEY_UISupportedInterfaceOrientations_iPhone = "UIInterfaceOrientationPortrait UIInterfaceOrientationLandscapeLeft UIInterfaceOrientationLandscapeRight";
				LD_RUNPATH_SEARCH_PATHS = (
					"$(inherited)",
					"@executable_path/Frameworks",
				);
				MARKETING_VERSION = 1.0;
				PRODUCT_BUNDLE_IDENTIFIER = HolaUIKit.HolaUIkit;
				PRODUCT_NAME = "$(TARGET_NAME)";
				SWIFT_EMIT_LOC_STRINGS = YES;
				SWIFT_VERSION = 5.0;
				TARGETED_DEVICE_FAMILY = "1,2";
			};
			name = Release;
		};
		C9513C6C2C7DE908004A5EF8 /* Debug */ = {
			isa = XCBuildConfiguration;
			buildSettings = {
				ALWAYS_EMBED_SWIFT_STANDARD_LIBRARIES = YES;
				BUNDLE_LOADER = "$(TEST_HOST)";
				CODE_SIGN_STYLE = Automatic;
				CURRENT_PROJECT_VERSION = 1;
				DEVELOPMENT_TEAM = AQ3PG74U62;
				GENERATE_INFOPLIST_FILE = YES;
				IPHONEOS_DEPLOYMENT_TARGET = 17.5;
				MARKETING_VERSION = 1.0;
				PRODUCT_BUNDLE_IDENTIFIER = HolaUIKit.HolaUIkitTests;
				PRODUCT_NAME = "$(TARGET_NAME)";
				SWIFT_EMIT_LOC_STRINGS = NO;
				SWIFT_VERSION = 5.0;
				TARGETED_DEVICE_FAMILY = "1,2";
				TEST_HOST = "$(BUILT_PRODUCTS_DIR)/HolaUIkit.app/$(BUNDLE_EXECUTABLE_FOLDER_PATH)/HolaUIkit";
			};
			name = Debug;
		};
		C9513C6D2C7DE908004A5EF8 /* Release */ = {
			isa = XCBuildConfiguration;
			buildSettings = {
				ALWAYS_EMBED_SWIFT_STANDARD_LIBRARIES = YES;
				BUNDLE_LOADER = "$(TEST_HOST)";
				CODE_SIGN_STYLE = Automatic;
				CURRENT_PROJECT_VERSION = 1;
				DEVELOPMENT_TEAM = AQ3PG74U62;
				GENERATE_INFOPLIST_FILE = YES;
				IPHONEOS_DEPLOYMENT_TARGET = 17.5;
				MARKETING_VERSION = 1.0;
				PRODUCT_BUNDLE_IDENTIFIER = HolaUIKit.HolaUIkitTests;
				PRODUCT_NAME = "$(TARGET_NAME)";
				SWIFT_EMIT_LOC_STRINGS = NO;
				SWIFT_VERSION = 5.0;
				TARGETED_DEVICE_FAMILY = "1,2";
				TEST_HOST = "$(BUILT_PRODUCTS_DIR)/HolaUIkit.app/$(BUNDLE_EXECUTABLE_FOLDER_PATH)/HolaUIkit";
			};
			name = Release;
		};
		C9513C6F2C7DE908004A5EF8 /* Debug */ = {
			isa = XCBuildConfiguration;
			buildSettings = {
				ALWAYS_EMBED_SWIFT_STANDARD_LIBRARIES = YES;
				CODE_SIGN_STYLE = Automatic;
				CURRENT_PROJECT_VERSION = 1;
				DEVELOPMENT_TEAM = AQ3PG74U62;
				GENERATE_INFOPLIST_FILE = YES;
				MARKETING_VERSION = 1.0;
				PRODUCT_BUNDLE_IDENTIFIER = HolaUIKit.HolaUIkitUITests;
				PRODUCT_NAME = "$(TARGET_NAME)";
				SWIFT_EMIT_LOC_STRINGS = NO;
				SWIFT_VERSION = 5.0;
				TARGETED_DEVICE_FAMILY = "1,2";
				TEST_TARGET_NAME = HolaUIkit;
			};
			name = Debug;
		};
		C9513C702C7DE908004A5EF8 /* Release */ = {
			isa = XCBuildConfiguration;
			buildSettings = {
				ALWAYS_EMBED_SWIFT_STANDARD_LIBRARIES = YES;
				CODE_SIGN_STYLE = Automatic;
				CURRENT_PROJECT_VERSION = 1;
				DEVELOPMENT_TEAM = AQ3PG74U62;
				GENERATE_INFOPLIST_FILE = YES;
				MARKETING_VERSION = 1.0;
				PRODUCT_BUNDLE_IDENTIFIER = HolaUIKit.HolaUIkitUITests;
				PRODUCT_NAME = "$(TARGET_NAME)";
				SWIFT_EMIT_LOC_STRINGS = NO;
				SWIFT_VERSION = 5.0;
				TARGETED_DEVICE_FAMILY = "1,2";
				TEST_TARGET_NAME = HolaUIkit;
			};
			name = Release;
		};
/* End XCBuildConfiguration section */

/* Begin XCConfigurationList section */
		C9513C392C7DE907004A5EF8 /* Build configuration list for PBXProject "HolaUIkit" */ = {
			isa = XCConfigurationList;
			buildConfigurations = (
				C9513C662C7DE908004A5EF8 /* Debug */,
				C9513C672C7DE908004A5EF8 /* Release */,
			);
			defaultConfigurationIsVisible = 0;
			defaultConfigurationName = Release;
		};
		C9513C682C7DE908004A5EF8 /* Build configuration list for PBXNativeTarget "HolaUIkit" */ = {
			isa = XCConfigurationList;
			buildConfigurations = (
				C9513C692C7DE908004A5EF8 /* Debug */,
				C9513C6A2C7DE908004A5EF8 /* Release */,
			);
			defaultConfigurationIsVisible = 0;
			defaultConfigurationName = Release;
		};
		C9513C6B2C7DE908004A5EF8 /* Build configuration list for PBXNativeTarget "HolaUIkitTests" */ = {
			isa = XCConfigurationList;
			buildConfigurations = (
				C9513C6C2C7DE908004A5EF8 /* Debug */,
				C9513C6D2C7DE908004A5EF8 /* Release */,
			);
			defaultConfigurationIsVisible = 0;
			defaultConfigurationName = Release;
		};
		C9513C6E2C7DE908004A5EF8 /* Build configuration list for PBXNativeTarget "HolaUIkitUITests" */ = {
			isa = XCConfigurationList;
			buildConfigurations = (
				C9513C6F2C7DE908004A5EF8 /* Debug */,
				C9513C702C7DE908004A5EF8 /* Release */,
			);
			defaultConfigurationIsVisible = 0;
			defaultConfigurationName = Release;
		};
/* End XCConfigurationList section */
	};
	rootObject = C9513C362C7DE907004A5EF8 /* Project object */;
}
